// !$*UTF8*$!
{
	archiveVersion = 1;
	classes = {
	};
	objectVersion = 46;
	objects = {

/* Begin PBXBuildFile section */
		449585861C00FF9A0073F7AE /* AppDelegate.swift in Sources */ = {isa = PBXBuildFile; fileRef = 449585851C00FF9A0073F7AE /* AppDelegate.swift */; };
		449585881C00FF9A0073F7AE /* ViewController.swift in Sources */ = {isa = PBXBuildFile; fileRef = 449585871C00FF9A0073F7AE /* ViewController.swift */; };
		4495858A1C00FF9A0073F7AE /* Assets.xcassets in Resources */ = {isa = PBXBuildFile; fileRef = 449585891C00FF9A0073F7AE /* Assets.xcassets */; };
		4495858D1C00FF9A0073F7AE /* Main.storyboard in Resources */ = {isa = PBXBuildFile; fileRef = 4495858B1C00FF9A0073F7AE /* Main.storyboard */; };
		44B48F311C046BA1003A181D /* ImageDownloader.m in Sources */ = {isa = PBXBuildFile; fileRef = 44B48F301C046BA1003A181D /* ImageDownloader.m */; };
/* End PBXBuildFile section */

/* Begin PBXFileReference section */
		449585821C00FF9A0073F7AE /* xpc-demo-app-58th-conf-MIPT.app */ = {isa = PBXFileReference; explicitFileType = wrapper.application; includeInIndex = 0; path = "xpc-demo-app-58th-conf-MIPT.app"; sourceTree = BUILT_PRODUCTS_DIR; };
		449585851C00FF9A0073F7AE /* AppDelegate.swift */ = {isa = PBXFileReference; lastKnownFileType = sourcecode.swift; path = AppDelegate.swift; sourceTree = "<group>"; };
		449585871C00FF9A0073F7AE /* ViewController.swift */ = {isa = PBXFileReference; lastKnownFileType = sourcecode.swift; path = ViewController.swift; sourceTree = "<group>"; };
		449585891C00FF9A0073F7AE /* Assets.xcassets */ = {isa = PBXFileReference; lastKnownFileType = folder.assetcatalog; path = Assets.xcassets; sourceTree = "<group>"; };
		4495858C1C00FF9A0073F7AE /* Base */ = {isa = PBXFileReference; lastKnownFileType = file.storyboard; name = Base; path = Base.lproj/Main.storyboard; sourceTree = "<group>"; };
		4495858E1C00FF9A0073F7AE /* Info.plist */ = {isa = PBXFileReference; lastKnownFileType = text.plist.xml; path = Info.plist; sourceTree = "<group>"; };
		44B48F2E1C046BA1003A181D /* xpc-demo-app-58th-conf-MIPT-Bridging-Header.h */ = {isa = PBXFileReference; lastKnownFileType = sourcecode.c.h; path = "xpc-demo-app-58th-conf-MIPT-Bridging-Header.h"; sourceTree = "<group>"; };
		44B48F2F1C046BA1003A181D /* ImageDownloader.h */ = {isa = PBXFileReference; fileEncoding = 4; lastKnownFileType = sourcecode.c.h; name = ImageDownloader.h; path = ../ImageDownloader.h; sourceTree = "<group>"; };
		44B48F301C046BA1003A181D /* ImageDownloader.m */ = {isa = PBXFileReference; fileEncoding = 4; lastKnownFileType = sourcecode.c.objc; name = ImageDownloader.m; path = ../ImageDownloader.m; sourceTree = "<group>"; };
/* End PBXFileReference section */

/* Begin PBXFrameworksBuildPhase section */
		4495857F1C00FF9A0073F7AE /* Frameworks */ = {
			isa = PBXFrameworksBuildPhase;
			buildActionMask = 2147483647;
			files = (
			);
			runOnlyForDeploymentPostprocessing = 0;
		};
/* End PBXFrameworksBuildPhase section */

/* Begin PBXGroup section */
		449585791C00FF9A0073F7AE = {
			isa = PBXGroup;
			children = (
				449585841C00FF9A0073F7AE /* xpc-demo-app-58th-conf-MIPT */,
				449585831C00FF9A0073F7AE /* Products */,
				44B48F2E1C046BA1003A181D /* xpc-demo-app-58th-conf-MIPT-Bridging-Header.h */,
			);
			sourceTree = "<group>";
		};
		449585831C00FF9A0073F7AE /* Products */ = {
			isa = PBXGroup;
			children = (
				449585821C00FF9A0073F7AE /* xpc-demo-app-58th-conf-MIPT.app */,
			);
			name = Products;
			sourceTree = "<group>";
		};
		449585841C00FF9A0073F7AE /* xpc-demo-app-58th-conf-MIPT */ = {
			isa = PBXGroup;
			children = (
				449585851C00FF9A0073F7AE /* AppDelegate.swift */,
				449585871C00FF9A0073F7AE /* ViewController.swift */,
				44B48F2F1C046BA1003A181D /* ImageDownloader.h */,
				44B48F301C046BA1003A181D /* ImageDownloader.m */,
				449585891C00FF9A0073F7AE /* Assets.xcassets */,
				4495858B1C00FF9A0073F7AE /* Main.storyboard */,
				4495858E1C00FF9A0073F7AE /* Info.plist */,
			);
			path = "xpc-demo-app-58th-conf-MIPT";
			sourceTree = "<group>";
		};
/* End PBXGroup section */

/* Begin PBXNativeTarget section */
		449585811C00FF9A0073F7AE /* xpc-demo-app-58th-conf-MIPT */ = {
			isa = PBXNativeTarget;
			buildConfigurationList = 449585911C00FF9A0073F7AE /* Build configuration list for PBXNativeTarget "xpc-demo-app-58th-conf-MIPT" */;
			buildPhases = (
				4495857E1C00FF9A0073F7AE /* Sources */,
				4495857F1C00FF9A0073F7AE /* Frameworks */,
				449585801C00FF9A0073F7AE /* Resources */,
			);
			buildRules = (
			);
			dependencies = (
			);
			name = "xpc-demo-app-58th-conf-MIPT";
			productName = "xpc-demo-app-58th-conf-MIPT";
			productReference = 449585821C00FF9A0073F7AE /* xpc-demo-app-58th-conf-MIPT.app */;
			productType = "com.apple.product-type.application";
		};
/* End PBXNativeTarget section */

/* Begin PBXProject section */
		4495857A1C00FF9A0073F7AE /* Project object */ = {
			isa = PBXProject;
			attributes = {
				LastSwiftUpdateCheck = 0710;
				LastUpgradeCheck = 0710;
				ORGANIZATIONNAME = MIPT;
				TargetAttributes = {
					449585811C00FF9A0073F7AE = {
						CreatedOnToolsVersion = 7.1.1;
					};
				};
			};
			buildConfigurationList = 4495857D1C00FF9A0073F7AE /* Build configuration list for PBXProject "xpc-demo-app-58th-conf-MIPT" */;
			compatibilityVersion = "Xcode 3.2";
			developmentRegion = English;
			hasScannedForEncodings = 0;
			knownRegions = (
				en,
				Base,
			);
			mainGroup = 449585791C00FF9A0073F7AE;
			productRefGroup = 449585831C00FF9A0073F7AE /* Products */;
			projectDirPath = "";
			projectRoot = "";
			targets = (
				449585811C00FF9A0073F7AE /* xpc-demo-app-58th-conf-MIPT */,
			);
		};
/* End PBXProject section */

/* Begin PBXResourcesBuildPhase section */
		449585801C00FF9A0073F7AE /* Resources */ = {
			isa = PBXResourcesBuildPhase;
			buildActionMask = 2147483647;
			files = (
				4495858A1C00FF9A0073F7AE /* Assets.xcassets in Resources */,
				4495858D1C00FF9A0073F7AE /* Main.storyboard in Resources */,
			);
			runOnlyForDeploymentPostprocessing = 0;
		};
/* End PBXResourcesBuildPhase section */

/* Begin PBXSourcesBuildPhase section */
		4495857E1C00FF9A0073F7AE /* Sources */ = {
			isa = PBXSourcesBuildPhase;
			buildActionMask = 2147483647;
			files = (
				449585881C00FF9A0073F7AE /* ViewController.swift in Sources */,
				449585861C00FF9A0073F7AE /* AppDelegate.swift in Sources */,
				44B48F311C046BA1003A181D /* ImageDownloader.m in Sources */,
			);
			runOnlyForDeploymentPostprocessing = 0;
		};
/* End PBXSourcesBuildPhase section */

/* Begin PBXVariantGroup section */
		4495858B1C00FF9A0073F7AE /* Main.storyboard */ = {
			isa = PBXVariantGroup;
			children = (
				4495858C1C00FF9A0073F7AE /* Base */,
			);
			name = Main.storyboard;
			sourceTree = "<group>";
		};
/* End PBXVariantGroup section */

/* Begin XCBuildConfiguration section */
		4495858F1C00FF9A0073F7AE /* Debug */ = {
			isa = XCBuildConfiguration;
			buildSettings = {
				ALWAYS_SEARCH_USER_PATHS = NO;
				CLANG_CXX_LANGUAGE_STANDARD = "gnu++0x";
				CLANG_CXX_LIBRARY = "libc++";
				CLANG_ENABLE_MODULES = YES;
				CLANG_ENABLE_OBJC_ARC = YES;
				CLANG_WARN_BOOL_CONVERSION = YES;
				CLANG_WARN_CONSTANT_CONVERSION = YES;
				CLANG_WARN_DIRECT_OBJC_ISA_USAGE = YES_ERROR;
				CLANG_WARN_EMPTY_BODY = YES;
				CLANG_WARN_ENUM_CONVERSION = YES;
				CLANG_WARN_INT_CONVERSION = YES;
				CLANG_WARN_OBJC_ROOT_CLASS = YES_ERROR;
				CLANG_WARN_UNREACHABLE_CODE = YES;
				CLANG_WARN__DUPLICATE_METHOD_MATCH = YES;
				CODE_SIGN_IDENTITY = "-";
				COPY_PHASE_STRIP = NO;
				DEBUG_INFORMATION_FORMAT = dwarf;
				ENABLE_STRICT_OBJC_MSGSEND = YES;
				ENABLE_TESTABILITY = YES;
				GCC_C_LANGUAGE_STANDARD = gnu99;
				GCC_DYNAMIC_NO_PIC = NO;
				GCC_NO_COMMON_BLOCKS = YES;
				GCC_OPTIMIZATION_LEVEL = 0;
				GCC_PREPROCESSOR_DEFINITIONS = (
					"DEBUG=1",
					"$(inherited)",
				);
				GCC_WARN_64_TO_32_BIT_CONVERSION = YES;
				GCC_WARN_ABOUT_RETURN_TYPE = YES_ERROR;
				GCC_WARN_UNDECLARED_SELECTOR = YES;
				GCC_WARN_UNINITIALIZED_AUTOS = YES_AGGRESSIVE;
				GCC_WARN_UNUSED_FUNCTION = YES;
				GCC_WARN_UNUSED_VARIABLE = YES;
				MACOSX_DEPLOYMENT_TARGET = 10.11;
				MTL_ENABLE_DEBUG_INFO = YES;
				ONLY_ACTIVE_ARCH = YES;
				SDKROOT = macosx;
				SWIFT_OPTIMIZATION_LEVEL = "-Onone";
			};
			name = Debug;
		};
		449585901C00FF9A0073F7AE /* Release */ = {
			isa = XCBuildConfiguration;
			buildSettings = {
				ALWAYS_SEARCH_USER_PATHS = NO;
				CLANG_CXX_LANGUAGE_STANDARD = "gnu++0x";
				CLANG_CXX_LIBRARY = "libc++";
				CLANG_ENABLE_MODULES = YES;
				CLANG_ENABLE_OBJC_ARC = YES;
				CLANG_WARN_BOOL_CONVERSION = YES;
				CLANG_WARN_CONSTANT_CONVERSION = YES;
				CLANG_WARN_DIRECT_OBJC_ISA_USAGE = YES_ERROR;
				CLANG_WARN_EMPTY_BODY = YES;
				CLANG_WARN_ENUM_CONVERSION = YES;
				CLANG_WARN_INT_CONVERSION = YES;
				CLANG_WARN_OBJC_ROOT_CLASS = YES_ERROR;
				CLANG_WARN_UNREACHABLE_CODE = YES;
				CLANG_WARN__DUPLICATE_METHOD_MATCH = YES;
				CODE_SIGN_IDENTITY = "-";
				COPY_PHASE_STRIP = NO;
				DEBUG_INFORMATION_FORMAT = "dwarf-with-dsym";
				ENABLE_NS_ASSERTIONS = NO;
				ENABLE_STRICT_OBJC_MSGSEND = YES;
				GCC_C_LANGUAGE_STANDARD = gnu99;
				GCC_NO_COMMON_BLOCKS = YES;
				GCC_WARN_64_TO_32_BIT_CONVERSION = YES;
				GCC_WARN_ABOUT_RETURN_TYPE = YES_ERROR;
				GCC_WARN_UNDECLARED_SELECTOR = YES;
				GCC_WARN_UNINITIALIZED_AUTOS = YES_AGGRESSIVE;
				GCC_WARN_UNUSED_FUNCTION = YES;
				GCC_WARN_UNUSED_VARIABLE = YES;
				MACOSX_DEPLOYMENT_TARGET = 10.11;
				MTL_ENABLE_DEBUG_INFO = NO;
				SDKROOT = macosx;
			};
			name = Release;
		};
		449585921C00FF9A0073F7AE /* Debug */ = {
			isa = XCBuildConfiguration;
			buildSettings = {
				ASSETCATALOG_COMPILER_APPICON_NAME = AppIcon;
				CLANG_ENABLE_MODULES = YES;
				COMBINE_HIDPI_IMAGES = YES;
				INFOPLIST_FILE = "xpc-demo-app-58th-conf-MIPT/Info.plist";
				LD_RUNPATH_SEARCH_PATHS = "$(inherited) @executable_path/../Frameworks";
				PRODUCT_BUNDLE_IDENTIFIER = "com.mipt.xpc-demo-app-58th-conf-MIPT";
				PRODUCT_NAME = "$(TARGET_NAME)";
				SWIFT_OBJC_BRIDGING_HEADER = "xpc-demo-app-58th-conf-MIPT-Bridging-Header.h";
				SWIFT_OPTIMIZATION_LEVEL = "-Onone";
			};
			name = Debug;
		};
		449585931C00FF9A0073F7AE /* Release */ = {
			isa = XCBuildConfiguration;
			buildSettings = {
				ASSETCATALOG_COMPILER_APPICON_NAME = AppIcon;
				CLANG_ENABLE_MODULES = YES;
				COMBINE_HIDPI_IMAGES = YES;
				INFOPLIST_FILE = "xpc-demo-app-58th-conf-MIPT/Info.plist";
				LD_RUNPATH_SEARCH_PATHS = "$(inherited) @executable_path/../Frameworks";
				PRODUCT_BUNDLE_IDENTIFIER = "com.mipt.xpc-demo-app-58th-conf-MIPT";
				PRODUCT_NAME = "$(TARGET_NAME)";
				SWIFT_OBJC_BRIDGING_HEADER = "xpc-demo-app-58th-conf-MIPT-Bridging-Header.h";
			};
			name = Release;
		};
/* End XCBuildConfiguration section */

/* Begin XCConfigurationList section */
		4495857D1C00FF9A0073F7AE /* Build configuration list for PBXProject "xpc-demo-app-58th-conf-MIPT" */ = {
			isa = XCConfigurationList;
			buildConfigurations = (
				4495858F1C00FF9A0073F7AE /* Debug */,
				449585901C00FF9A0073F7AE /* Release */,
			);
			defaultConfigurationIsVisible = 0;
			defaultConfigurationName = Release;
		};
		449585911C00FF9A0073F7AE /* Build configuration list for PBXNativeTarget "xpc-demo-app-58th-conf-MIPT" */ = {
			isa = XCConfigurationList;
			buildConfigurations = (
				449585921C00FF9A0073F7AE /* Debug */,
				449585931C00FF9A0073F7AE /* Release */,
			);
			defaultConfigurationIsVisible = 0;
			defaultConfigurationName = Release;
		};
/* End XCConfigurationList section */
	};
	rootObject = 4495857A1C00FF9A0073F7AE /* Project object */;
}
